
Microsoft Visual Studio Solution File, Format Version 12.00
# Visual Studio 2013
VisualStudioVersion = 12.0.40629.0
MinimumVisualStudioVersion = 10.0.40219.1
Project("{FAE04EC0-301F-11D3-BF4B-00C04F79EFBC}") = "GitHubUsers", "src\GitHubUsers\GitHubUsers.csproj", "{BC8D9D11-8D6C-4A20-82CD-3F7A025333D7}"
EndProject
Project("{FAE04EC0-301F-11D3-BF4B-00C04F79EFBC}") = "GitHubUsers.UnitTests", "src\GitHubUsers.UnitTests\GitHubUsers.UnitTests.csproj", "{1FC7C55C-034F-4392-A158-C63653B837D9}"
EndProject
Global
	GlobalSection(SolutionConfigurationPlatforms) = preSolution
		Debug|Any CPU = Debug|Any CPU
		Release|Any CPU = Release|Any CPU
	EndGlobalSection
	GlobalSection(ProjectConfigurationPlatforms) = postSolution
		{BC8D9D11-8D6C-4A20-82CD-3F7A025333D7}.Debug|Any CPU.ActiveCfg = Debug|Any CPU
		{BC8D9D11-8D6C-4A20-82CD-3F7A025333D7}.Debug|Any CPU.Build.0 = Debug|Any CPU
		{BC8D9D11-8D6C-4A20-82CD-3F7A025333D7}.Release|Any CPU.ActiveCfg = Release|Any CPU
		{BC8D9D11-8D6C-4A20-82CD-3F7A025333D7}.Release|Any CPU.Build.0 = Release|Any CPU
		{1FC7C55C-034F-4392-A158-C63653B837D9}.Debug|Any CPU.ActiveCfg = Debug|Any CPU
		{1FC7C55C-034F-4392-A158-C63653B837D9}.Debug|Any CPU.Build.0 = Debug|Any CPU
		{1FC7C55C-034F-4392-A158-C63653B837D9}.Release|Any CPU.ActiveCfg = Release|Any CPU
		{1FC7C55C-034F-4392-A158-C63653B837D9}.Release|Any CPU.Build.0 = Release|Any CPU
	EndGlobalSection
	GlobalSection(SolutionProperties) = preSolution
		HideSolutionNode = FALSE
	EndGlobalSection
EndGlobal
